
Microsoft Visual Studio Solution File, Format Version 12.00
# Visual Studio Version 17
VisualStudioVersion = 17.14.36705.20 d17.14
MinimumVisualStudioVersion = 10.0.40219.1
Project("{FAE04EC0-301F-11D3-BF4B-00C04F79EFBC}") = "bridge-service", "bridge-service.csproj", "{3E80360E-E937-4190-8D94-B6C01836A6A3}"
EndProject
Global
	GlobalSection(SolutionConfigurationPlatforms) = preSolution
		Debug|Any CPU = Debug|Any CPU
		Release|Any CPU = Release|Any CPU
	EndGlobalSection
	GlobalSection(ProjectConfigurationPlatforms) = postSolution
		{3E80360E-E937-4190-8D94-B6C01836A6A3}.Debug|Any CPU.ActiveCfg = Debug|Any CPU
		{3E80360E-E937-4190-8D94-B6C01836A6A3}.Debug|Any CPU.Build.0 = Debug|Any CPU
		{3E80360E-E937-4190-8D94-B6C01836A6A3}.Release|Any CPU.ActiveCfg = Release|Any CPU
		{3E80360E-E937-4190-8D94-B6C01836A6A3}.Release|Any CPU.Build.0 = Release|Any CPU
	EndGlobalSection
	GlobalSection(SolutionProperties) = preSolution
		HideSolutionNode = FALSE
	EndGlobalSection
	GlobalSection(ExtensibilityGlobals) = postSolution
		SolutionGuid = {53179CA7-03E2-4669-A7B9-F2EFCFE63370}
	EndGlobalSection
EndGlobal
